<?xml version="1.0" encoding="utf-8"?>
<Project ToolsVersion="4.0" xmlns="http://schemas.microsoft.com/developer/msbuild/2003">
  <ItemGroup>
    <Filter Include="Source Files">
      <UniqueIdentifier>{4FC737F1-C7A5-4376-A066-2A32D752A2FF}</UniqueIdentifier>
      <Extensions>cpp;c;cc;cxx;def;odl;idl;hpj;bat;asm;asmx</Extensions>
    </Filter>
    <Filter Include="Header Files">
      <UniqueIdentifier>{93995380-89BD-4b04-88EB-625FBE52EBFB}</UniqueIdentifier>
      <Extensions>h;hh;hpp;hxx;hm;inl;inc;xsd</Extensions>
    </Filter>
    <Filter Include="Resource Files">
      <UniqueIdentifier>{67DA6AB6-F800-4c08-8B7A-83BB121AAD01}</UniqueIdentifier>
      <Extensions>rc;ico;cur;bmp;dlg;rc2;rct;bin;rgs;gif;jpg;jpeg;jpe;resx;tiff;tif;png;wav</Extensions>
    </Filter>
  </ItemGroup>
  <ItemGroup>
    <ClCompile Include="beatemleft-engine\beatemleft-engine\Core.cpp">
      <Filter>Source Files</Filter>
    </ClCompile>
    <ClCompile Include="beatemleft-engine\beatemleft-engine\GameLoop.cpp">
      <Filter>Source Files</Filter>
    </ClCompile>
    <ClCompile Include="beatemleft-engine\beatemleft-engine\builder\LevelFactory.cpp">
      <Filter>Source Files</Filter>
    </ClCompile>
    <ClCompile Include="beatemleft-engine\beatemleft-engine\components\Animation.cpp">
      <Filter>Source Files</Filter>
    </ClCompile>
    <ClCompile Include="beatemleft-engine\beatemleft-engine\components\Sprite.cpp">
      <Filter>Source Files</Filter>
    </ClCompile>
    <ClCompile Include="beatemleft-engine\beatemleft-engine\components\SpriteSheet.cpp">
      <Filter>Source Files</Filter>
    </ClCompile>
    <ClCompile Include="beatemleft-engine\beatemleft-engine\experimental\AnimationsTest.cpp">
      <Filter>Source Files</Filter>
    </ClCompile>
    <ClCompile Include="beatemleft-engine\beatemleft-engine\experimental\ImageStoreTest.cpp">
      <Filter>Source Files</Filter>
    </ClCompile>
    <ClCompile Include="beatemleft-engine\beatemleft-engine\experimental\imguiTest.cpp">
      <Filter>Source Files</Filter>
    </ClCompile>
    <ClCompile Include="beatemleft-engine\beatemleft-engine\experimental\imguiTest2.cpp">
      <Filter>Source Files</Filter>
    </ClCompile>
    <ClCompile Include="beatemleft-engine\beatemleft-engine\experimental\LevelEditorMain.cpp">
      <Filter>Source Files</Filter>
    </ClCompile>
    <ClCompile Include="beatemleft-engine\beatemleft-engine\experimental\LoadTileSetTest.cpp">
      <Filter>Source Files</Filter>
    </ClCompile>
    <ClCompile Include="beatemleft-engine\beatemleft-engine\experimental\SeparateAlphasExperiment.cpp">
      <Filter>Source Files</Filter>
    </ClCompile>
    <ClCompile Include="beatemleft-engine\beatemleft-engine\experimental\SeparateAlphasExperiment2.cpp">
      <Filter>Source Files</Filter>
    </ClCompile>
    <ClCompile Include="beatemleft-engine\beatemleft-engine\experimental\SimpleCollisions.cpp">
      <Filter>Source Files</Filter>
    </ClCompile>
    <ClCompile Include="beatemleft-engine\beatemleft-engine\experimental\TileMapTest.cpp">
      <Filter>Source Files</Filter>
    </ClCompile>
    <ClCompile Include="beatemleft-engine\beatemleft-engine\experimental\TilePlacementSample.cpp">
      <Filter>Source Files</Filter>
    </ClCompile>
    <ClCompile Include="beatemleft-engine\beatemleft-engine\input\GameController.cpp">
      <Filter>Source Files</Filter>
    </ClCompile>
    <ClCompile Include="beatemleft-engine\beatemleft-engine\input\KeyboardController.cpp">
      <Filter>Source Files</Filter>
    </ClCompile>
    <ClCompile Include="beatemleft-engine\beatemleft-engine\systems\EntitySystem.cpp">
      <Filter>Source Files</Filter>
    </ClCompile>
    <ClCompile Include="beatemleft-engine\beatemleft-engine\systems\MovementSystem.cpp">
      <Filter>Source Files</Filter>
    </ClCompile>
    <ClCompile Include="beatemleft-engine\beatemleft-engine\systems\RenderSystem.cpp">
      <Filter>Source Files</Filter>
    </ClCompile>
    <ClCompile Include="beatemleft-engine\beatemleft-engine\unittesting\ComponentSystemUnitTest.cpp">
      <Filter>Source Files</Filter>
    </ClCompile>
    <ClCompile Include="beatemleft-engine\beatemleft-engine\unittesting\ECSUnitTesting.cpp">
      <Filter>Source Files</Filter>
    </ClCompile>
    <ClCompile Include="beatemleft-engine\beatemleft-engine\unittesting\EntitySystemUnitTest.cpp">
      <Filter>Source Files</Filter>
    </ClCompile>
    <ClCompile Include="beatemleft-engine\beatemleft-engine\unused_code\main.cpp">
      <Filter>Source Files</Filter>
    </ClCompile>
    <ClCompile Include="beatemleft-engine\beatemleft-engine\unused_code\SpriteSheetTemp.cpp">
      <Filter>Source Files</Filter>
    </ClCompile>
    <ClCompile Include="beatemleft-engine\beatemleft-engine\unused_code\SpriteTemp.cpp">
      <Filter>Source Files</Filter>
    </ClCompile>
    <ClCompile Include="beatemleft-engine\beatemleft-engine\unused_code\Texture.cpp">
      <Filter>Source Files</Filter>
    </ClCompile>
    <ClCompile Include="beatemleft-engine\beatemleft-engine\utility\GUI.cpp">
      <Filter>Source Files</Filter>
    </ClCompile>
    <ClCompile Include="beatemleft-engine\beatemleft-engine\utility\ImageMod.cpp">
      <Filter>Source Files</Filter>
    </ClCompile>
    <ClCompile Include="beatemleft-engine\beatemleft-engine\utility\ImageStore.cpp">
      <Filter>Source Files</Filter>
    </ClCompile>
    <ClCompile Include="beatemleft-engine\beatemleft-engine\utility\MapFileLoader.cpp">
      <Filter>Source Files</Filter>
    </ClCompile>
    <ClCompile Include="beatemleft-engine\beatemleft-engine\utility\StaticTextStore.cpp">
      <Filter>Source Files</Filter>
    </ClCompile>
    <ClCompile Include="beatemleft-engine\beatemleft-engine\utility\TextureLoader.cpp">
      <Filter>Source Files</Filter>
    </ClCompile>
    <ClCompile Include="beatemleft-engine\beatemleft-engine\utility\TextureStore.cpp">
      <Filter>Source Files</Filter>
    </ClCompile>
  </ItemGroup>
  <ItemGroup>
    <ClInclude Include="beatemleft-engine\beatemleft-engine\Core.h">
      <Filter>Header Files</Filter>
    </ClInclude>
    <ClInclude Include="beatemleft-engine\beatemleft-engine\GameConstants.h">
      <Filter>Header Files</Filter>
    </ClInclude>
    <ClInclude Include="beatemleft-engine\beatemleft-engine\GameLoop.h">
      <Filter>Header Files</Filter>
    </ClInclude>
    <ClInclude Include="beatemleft-engine\beatemleft-engine\MasterHeader.h">
      <Filter>Header Files</Filter>
    </ClInclude>
    <ClInclude Include="beatemleft-engine\beatemleft-engine\builder\LevelFactory.h">
      <Filter>Header Files</Filter>
    </ClInclude>
    <ClInclude Include="beatemleft-engine\beatemleft-engine\components\Animation.h">
      <Filter>Header Files</Filter>
    </ClInclude>
    <ClInclude Include="beatemleft-engine\beatemleft-engine\components\BoxCollider.h">
      <Filter>Header Files</Filter>
    </ClInclude>
    <ClInclude Include="beatemleft-engine\beatemleft-engine\components\CircleCollider.h">
      <Filter>Header Files</Filter>
    </ClInclude>
    <ClInclude Include="beatemleft-engine\beatemleft-engine\components\Kinematic.h">
      <Filter>Header Files</Filter>
    </ClInclude>
    <ClInclude Include="beatemleft-engine\beatemleft-engine\components\SlopeCollider.h">
      <Filter>Header Files</Filter>
    </ClInclude>
    <ClInclude Include="beatemleft-engine\beatemleft-engine\components\Sprite.h">
      <Filter>Header Files</Filter>
    </ClInclude>
    <ClInclude Include="beatemleft-engine\beatemleft-engine\components\SpriteSheet.h">
      <Filter>Header Files</Filter>
    </ClInclude>
    <ClInclude Include="beatemleft-engine\beatemleft-engine\components\Transform.h">
      <Filter>Header Files</Filter>
    </ClInclude>
    <ClInclude Include="beatemleft-engine\beatemleft-engine\input\GameController.h">
      <Filter>Header Files</Filter>
    </ClInclude>
    <ClInclude Include="beatemleft-engine\beatemleft-engine\input\KeyboardController.h">
      <Filter>Header Files</Filter>
    </ClInclude>
    <ClInclude Include="beatemleft-engine\beatemleft-engine\systems\AnimationStateMachine.h">
      <Filter>Header Files</Filter>
    </ClInclude>
    <ClInclude Include="beatemleft-engine\beatemleft-engine\systems\ComponentManager.h">
      <Filter>Header Files</Filter>
    </ClInclude>
    <ClInclude Include="beatemleft-engine\beatemleft-engine\systems\ECS.h">
      <Filter>Header Files</Filter>
    </ClInclude>
    <ClInclude Include="beatemleft-engine\beatemleft-engine\systems\EntitySystem.h">
      <Filter>Header Files</Filter>
    </ClInclude>
    <ClInclude Include="beatemleft-engine\beatemleft-engine\systems\MovementSystem.h">
      <Filter>Header Files</Filter>
    </ClInclude>
    <ClInclude Include="beatemleft-engine\beatemleft-engine\systems\RenderSystem.h">
      <Filter>Header Files</Filter>
    </ClInclude>
    <ClInclude Include="beatemleft-engine\beatemleft-engine\unused_code\SpriteSheetTemp.h">
      <Filter>Header Files</Filter>
    </ClInclude>
    <ClInclude Include="beatemleft-engine\beatemleft-engine\unused_code\SpriteTemp.h">
      <Filter>Header Files</Filter>
    </ClInclude>
    <ClInclude Include="beatemleft-engine\beatemleft-engine\unused_code\Texture.h">
      <Filter>Header Files</Filter>
    </ClInclude>
    <ClInclude Include="beatemleft-engine\beatemleft-engine\utility\CollisionQuery.h">
      <Filter>Header Files</Filter>
    </ClInclude>
    <ClInclude Include="beatemleft-engine\beatemleft-engine\utility\GUI.h">
      <Filter>Header Files</Filter>
    </ClInclude>
    <ClInclude Include="beatemleft-engine\beatemleft-engine\utility\ImageMod.h">
      <Filter>Header Files</Filter>
    </ClInclude>
    <ClInclude Include="beatemleft-engine\beatemleft-engine\utility\ImageStore.h">
      <Filter>Header Files</Filter>
    </ClInclude>
    <ClInclude Include="beatemleft-engine\beatemleft-engine\utility\MapFileLoader.h">
      <Filter>Header Files</Filter>
    </ClInclude>
    <ClInclude Include="beatemleft-engine\beatemleft-engine\utility\StaticTextStore.h">
      <Filter>Header Files</Filter>
    </ClInclude>
    <ClInclude Include="beatemleft-engine\beatemleft-engine\utility\TextureLoader.h">
      <Filter>Header Files</Filter>
    </ClInclude>
    <ClInclude Include="beatemleft-engine\beatemleft-engine\utility\TextureStore.h">
      <Filter>Header Files</Filter>
    </ClInclude>
    <ClInclude Include="vect2\Vect2.h">
      <Filter>Header Files</Filter>
    </ClInclude>
  </ItemGroup>
</Project>